
Microsoft Visual Studio Solution File, Format Version 12.00
# Visual Studio Version 17
VisualStudioVersion = 17.11.35222.181
MinimumVisualStudioVersion = 10.0.40219.1
Project("{FAE04EC0-301F-11D3-BF4B-00C04F79EFBC}") = "AAPS.Api", "AAPS.Api\AAPS.Api.csproj", "{F57C3C71-6C79-47F1-AED5-9A24AE9319DA}"
EndProject
Global
	GlobalSection(SolutionConfigurationPlatforms) = preSolution
		Debug|Any CPU = Debug|Any CPU
		Release|Any CPU = Release|Any CPU
	EndGlobalSection
	GlobalSection(ProjectConfigurationPlatforms) = postSolution
		{F57C3C71-6C79-47F1-AED5-9A24AE9319DA}.Debug|Any CPU.ActiveCfg = Debug|Any CPU
		{F57C3C71-6C79-47F1-AED5-9A24AE9319DA}.Debug|Any CPU.Build.0 = Debug|Any CPU
		{F57C3C71-6C79-47F1-AED5-9A24AE9319DA}.Release|Any CPU.ActiveCfg = Release|Any CPU
		{F57C3C71-6C79-47F1-AED5-9A24AE9319DA}.Release|Any CPU.Build.0 = Release|Any CPU
	EndGlobalSection
	GlobalSection(SolutionProperties) = preSolution
		HideSolutionNode = FALSE
	EndGlobalSection
	GlobalSection(ExtensibilityGlobals) = postSolution
		SolutionGuid = {CE11ECF8-E69C-4176-B18A-77CCCA0FA84D}
	EndGlobalSection
EndGlobal
